
Microsoft Visual Studio Solution File, Format Version 12.00
# Visual Studio Version 16
VisualStudioVersion = 16.0.28803.156
MinimumVisualStudioVersion = 10.0.40219.1
Project("{8BC9CEB8-8B4A-11D0-8D11-00A0C91BC942}") = "libmediax", "libmediax\libmediax.vcxproj", "{DDF85AA5-54E9-4BB3-B628-42BD54E99C1A}"
EndProject
Project("{8BC9CEB8-8B4A-11D0-8D11-00A0C91BC942}") = "libmediaxTest", "libmediaxTest\libmediaxTest.vcxproj", "{328DCDCA-B5EC-4436-8A73-562B74553B30}"
	ProjectSection(ProjectDependencies) = postProject
		{DDF85AA5-54E9-4BB3-B628-42BD54E99C1A} = {DDF85AA5-54E9-4BB3-B628-42BD54E99C1A}
	EndProjectSection
EndProject
Global
	GlobalSection(SolutionConfigurationPlatforms) = preSolution
		Debug|x64 = Debug|x64
		Debug|x86 = Debug|x86
		Release|x64 = Release|x64
		Release|x86 = Release|x86
	EndGlobalSection
	GlobalSection(ProjectConfigurationPlatforms) = postSolution
		{DDF85AA5-54E9-4BB3-B628-42BD54E99C1A}.Debug|x64.ActiveCfg = Debug|x64
		{DDF85AA5-54E9-4BB3-B628-42BD54E99C1A}.Debug|x64.Build.0 = Debug|x64
		{DDF85AA5-54E9-4BB3-B628-42BD54E99C1A}.Debug|x86.ActiveCfg = Debug|Win32
		{DDF85AA5-54E9-4BB3-B628-42BD54E99C1A}.Debug|x86.Build.0 = Debug|Win32
		{DDF85AA5-54E9-4BB3-B628-42BD54E99C1A}.Release|x64.ActiveCfg = Release|x64
		{DDF85AA5-54E9-4BB3-B628-42BD54E99C1A}.Release|x64.Build.0 = Release|x64
		{DDF85AA5-54E9-4BB3-B628-42BD54E99C1A}.Release|x86.ActiveCfg = Release|Win32
		{DDF85AA5-54E9-4BB3-B628-42BD54E99C1A}.Release|x86.Build.0 = Release|Win32
		{328DCDCA-B5EC-4436-8A73-562B74553B30}.Debug|x64.ActiveCfg = Debug|x64
		{328DCDCA-B5EC-4436-8A73-562B74553B30}.Debug|x64.Build.0 = Debug|x64
		{328DCDCA-B5EC-4436-8A73-562B74553B30}.Debug|x86.ActiveCfg = Debug|Win32
		{328DCDCA-B5EC-4436-8A73-562B74553B30}.Debug|x86.Build.0 = Debug|Win32
		{328DCDCA-B5EC-4436-8A73-562B74553B30}.Release|x64.ActiveCfg = Release|x64
		{328DCDCA-B5EC-4436-8A73-562B74553B30}.Release|x64.Build.0 = Release|x64
		{328DCDCA-B5EC-4436-8A73-562B74553B30}.Release|x86.ActiveCfg = Release|Win32
		{328DCDCA-B5EC-4436-8A73-562B74553B30}.Release|x86.Build.0 = Release|Win32
	EndGlobalSection
	GlobalSection(SolutionProperties) = preSolution
		HideSolutionNode = FALSE
	EndGlobalSection
	GlobalSection(ExtensibilityGlobals) = postSolution
		SolutionGuid = {A57A22A8-9841-4F8A-B1D2-51AB29979A0F}
	EndGlobalSection
EndGlobal
